{
  "version": 4,
  "terraform_version": "0.14.0",
  "serial": 68,
  "lineage": "d53d855c-4087-a1a3-3121-a7fa667b61b3",
  "outputs": {},
  "resources": [
    {
      "mode": "managed",
      "type": "aws_instance",
      "name": "MyFirstInstance",
      "provider": "provider[\"registry.terraform.io/hashicorp/aws\"]",
      "instances": [
        {
          "status": "tainted",
          "schema_version": 1,
          "attributes": {
            "ami": "ami-08d9a394ac1c2994c",
            "arn": "arn:aws:ec2:us-west-1:746578858377:instance/i-07d8b0430520fccaa",
            "associate_public_ip_address": true,
            "availability_zone": "us-west-1c",
            "cpu_core_count": 1,
            "cpu_threads_per_core": 1,
            "credit_specification": [
              {
                "cpu_credits": "standard"
              }
            ],
            "disable_api_termination": false,
            "ebs_block_device": [],
            "ebs_optimized": false,
            "ephemeral_block_device": [],
            "get_password_data": false,
            "hibernation": false,
            "host_id": null,
            "iam_instance_profile": "",
            "id": "i-07d8b0430520fccaa",
            "instance_initiated_shutdown_behavior": null,
            "instance_state": "running",
            "instance_type": "t2.micro",
            "ipv6_address_count": 0,
            "ipv6_addresses": [],
            "key_name": "levelup_key",
            "metadata_options": [
              {
                "http_endpoint": "enabled",
                "http_put_response_hop_limit": 1,
                "http_tokens": "optional"
              }
            ],
            "monitoring": false,
            "network_interface": [],
            "outpost_arn": "",
            "password_data": "",
            "placement_group": "",
            "primary_network_interface_id": "eni-0a289bc79b6a77dc4",
            "private_dns": "ip-172-31-6-160.us-west-1.compute.internal",
            "private_ip": "172.31.6.160",
            "public_dns": "ec2-52-53-157-55.us-west-1.compute.amazonaws.com",
            "public_ip": "52.53.157.55",
            "root_block_device": [
              {
                "delete_on_termination": true,
                "device_name": "/dev/xvda",
                "encrypted": false,
                "iops": 100,
                "kms_key_id": "",
                "volume_id": "vol-046a71fa91700aee1",
                "volume_size": 8,
                "volume_type": "gp2"
              }
            ],
            "secondary_private_ips": [],
            "security_groups": [
              "default"
            ],
            "source_dest_check": true,
            "subnet_id": "subnet-09c7c052",
            "tags": {
              "Name": "custom_instance"
            },
            "tenancy": "default",
            "timeouts": null,
            "user_data": null,
            "user_data_base64": null,
            "volume_tags": {},
            "vpc_security_group_ids": [
              "sg-9ac39fe7"
            ]
          },
          "sensitive_attributes": [],
          "private": "eyJlMmJmYjczMC1lY2FhLTExZTYtOGY4OC0zNDM2M2JjN2M0YzAiOnsiY3JlYXRlIjo2MDAwMDAwMDAwMDAsImRlbGV0ZSI6MTIwMDAwMDAwMDAwMCwidXBkYXRlIjo2MDAwMDAwMDAwMDB9LCJzY2hlbWFfdmVyc2lvbiI6IjEifQ==",
          "dependencies": [
            "aws_key_pair.levelup_key"
          ]
        }
      ]
    },
    {
      "mode": "managed",
      "type": "aws_key_pair",
      "name": "levelup_key",
      "provider": "provider[\"registry.terraform.io/hashicorp/aws\"]",
      "instances": [
        {
          "schema_version": 1,
          "attributes": {
            "arn": "arn:aws:ec2:us-west-1:746578858377:key-pair/levelup_key",
            "fingerprint": "20:e0:63:60:e7:6e:d2:2d:1b:15:27:61:ed:7f:8e:cf",
            "id": "levelup_key",
            "key_name": "levelup_key",
            "key_name_prefix": null,
            "key_pair_id": "key-025a0de0de12dd503",
            "public_key": "ssh-rsa AAAAB3NzaC1yc2EAAAADAQABAAABAQC2deXZV8B1NZi+4FGLQVOZ1IfgH0oa15z/M/B3QIKvjZB5l4lSgp0iLw95jCfLYFggEyZrEhCS++b0RZRzMeixTP22pJ7YCLKUkfenS9se7GWKapNxSH8/v7bJH4TXizkOhfSv7Kq/8vxcakZvHWeR1xEWC8YHKhRP7PdIGconcZCKJTdD3KCg3JE3+dwa38u3APpSwlRyrvd+aOROqa3NIsWLHb10naGD+tB9IKAC+pJ4+QMnODGei6mY8icDjSW+cVO10ofJW1Kk9prHOWsL+5BSE3zOhI97pJQVOHFd5/fk7kLWo6rstsROmdeq9TXhVP1GrbffbEuT6uVJXp6l sekhe@DESKTOP-V1E93HQ",
            "tags": null
          },
          "sensitive_attributes": [],
          "private": "eyJzY2hlbWFfdmVyc2lvbiI6IjEifQ=="
        }
      ]
    }
  ]
}
